
Microsoft Visual Studio Solution File, Format Version 12.00
# Visual Studio Version 17
VisualStudioVersion = 17.9.34902.65
MinimumVisualStudioVersion = 10.0.40219.1
Project("{778DAE3C-4631-46EA-AA77-85C1314464D9}") = "SWF Decompiler", "SWF Decompiler\SWF Decompiler.vbproj", "{6954BCC5-EBCB-48B1-A8D9-551107103E46}"
EndProject
Global
	GlobalSection(SolutionConfigurationPlatforms) = preSolution
		Debug|Any CPU = Debug|Any CPU
		Release|Any CPU = Release|Any CPU
	EndGlobalSection
	GlobalSection(ProjectConfigurationPlatforms) = postSolution
		{6954BCC5-EBCB-48B1-A8D9-551107103E46}.Debug|Any CPU.ActiveCfg = Debug|Any CPU
		{6954BCC5-EBCB-48B1-A8D9-551107103E46}.Debug|Any CPU.Build.0 = Debug|Any CPU
		{6954BCC5-EBCB-48B1-A8D9-551107103E46}.Release|Any CPU.ActiveCfg = Release|Any CPU
		{6954BCC5-EBCB-48B1-A8D9-551107103E46}.Release|Any CPU.Build.0 = Release|Any CPU
	EndGlobalSection
	GlobalSection(SolutionProperties) = preSolution
		HideSolutionNode = FALSE
	EndGlobalSection
	GlobalSection(ExtensibilityGlobals) = postSolution
		SolutionGuid = {EDCE7214-4009-4AAD-9E04-DF4380DEE03B}
	EndGlobalSection
EndGlobal
